
Microsoft Visual Studio Solution File, Format Version 12.00
# Visual Studio 14
VisualStudioVersion = 14.0.25420.1
MinimumVisualStudioVersion = 10.0.40219.1
Project("{FAE04EC0-301F-11D3-BF4B-00C04F79EFBC}") = "SitemapManager.UI", "SitemapManager\SitemapManager.UI.csproj", "{7532D562-62B3-4AD1-B83D-73C88E16B2D4}"
EndProject
Project("{FAE04EC0-301F-11D3-BF4B-00C04F79EFBC}") = "SitemapManager.DAL", "SitemapManager.Objects\SitemapManager.DAL.csproj", "{D864D9F1-36B6-45B0-961E-76C088CD7FCB}"
EndProject
Project("{FAE04EC0-301F-11D3-BF4B-00C04F79EFBC}") = "SitemapManager.Tests", "SitemapManager.Tests\SitemapManager.Tests.csproj", "{7F1A2077-E20C-4EAB-AF0A-E31025609751}"
EndProject
Global
	GlobalSection(SolutionConfigurationPlatforms) = preSolution
		Debug|Any CPU = Debug|Any CPU
		Release|Any CPU = Release|Any CPU
	EndGlobalSection
	GlobalSection(ProjectConfigurationPlatforms) = postSolution
		{7532D562-62B3-4AD1-B83D-73C88E16B2D4}.Debug|Any CPU.ActiveCfg = Debug|Any CPU
		{7532D562-62B3-4AD1-B83D-73C88E16B2D4}.Debug|Any CPU.Build.0 = Debug|Any CPU
		{7532D562-62B3-4AD1-B83D-73C88E16B2D4}.Release|Any CPU.ActiveCfg = Release|Any CPU
		{7532D562-62B3-4AD1-B83D-73C88E16B2D4}.Release|Any CPU.Build.0 = Release|Any CPU
		{D864D9F1-36B6-45B0-961E-76C088CD7FCB}.Debug|Any CPU.ActiveCfg = Debug|Any CPU
		{D864D9F1-36B6-45B0-961E-76C088CD7FCB}.Debug|Any CPU.Build.0 = Debug|Any CPU
		{D864D9F1-36B6-45B0-961E-76C088CD7FCB}.Release|Any CPU.ActiveCfg = Release|Any CPU
		{D864D9F1-36B6-45B0-961E-76C088CD7FCB}.Release|Any CPU.Build.0 = Release|Any CPU
		{7F1A2077-E20C-4EAB-AF0A-E31025609751}.Debug|Any CPU.ActiveCfg = Debug|Any CPU
		{7F1A2077-E20C-4EAB-AF0A-E31025609751}.Debug|Any CPU.Build.0 = Debug|Any CPU
		{7F1A2077-E20C-4EAB-AF0A-E31025609751}.Release|Any CPU.ActiveCfg = Release|Any CPU
		{7F1A2077-E20C-4EAB-AF0A-E31025609751}.Release|Any CPU.Build.0 = Release|Any CPU
	EndGlobalSection
	GlobalSection(SolutionProperties) = preSolution
		HideSolutionNode = FALSE
	EndGlobalSection
EndGlobal
